// !$*UTF8*$!
{
	archiveVersion = 1;
	classes = {
	};
	objectVersion = 48;
	objects = {

/* Begin PBXBuildFile section */
		5F0312CD2032E677000D00E8 /* DigitsOnlyString.swift in Sources */ = {isa = PBXBuildFile; fileRef = 5F0312CC2032E677000D00E8 /* DigitsOnlyString.swift */; };
		5F0692D2202AF1D9003A6F20 /* TechniquesViewController.swift in Sources */ = {isa = PBXBuildFile; fileRef = 5F0692D1202AF1D9003A6F20 /* TechniquesViewController.swift */; };
		5F0692DF202AFAB7003A6F20 /* diamond.png in Resources */ = {isa = PBXBuildFile; fileRef = 5F0692DB202AFAB6003A6F20 /* diamond.png */; };
		5F0692E0202AFAB7003A6F20 /* memory.png in Resources */ = {isa = PBXBuildFile; fileRef = 5F0692DC202AFAB6003A6F20 /* memory.png */; };
		5F0692E1202AFAB7003A6F20 /* text_highlight.png in Resources */ = {isa = PBXBuildFile; fileRef = 5F0692DD202AFAB7003A6F20 /* text_highlight.png */; };
		5F0692E2202AFAB7003A6F20 /* word_flash.png in Resources */ = {isa = PBXBuildFile; fileRef = 5F0692DE202AFAB7003A6F20 /* word_flash.png */; };
		5F11719D2025BE5300EE94B7 /* techniques.png in Resources */ = {isa = PBXBuildFile; fileRef = 5F1171992025BE5300EE94B7 /* techniques.png */; };
		5F11719E2025BE5300EE94B7 /* library.png in Resources */ = {isa = PBXBuildFile; fileRef = 5F11719A2025BE5300EE94B7 /* library.png */; };
		5F11719F2025BE5300EE94B7 /* test.png in Resources */ = {isa = PBXBuildFile; fileRef = 5F11719B2025BE5300EE94B7 /* test.png */; };
		5F1171A02025BE5300EE94B7 /* profile.png in Resources */ = {isa = PBXBuildFile; fileRef = 5F11719C2025BE5300EE94B7 /* profile.png */; };
		5F15A2E220248FB10038039B /* AppDelegate.swift in Sources */ = {isa = PBXBuildFile; fileRef = 5F15A2E120248FB10038039B /* AppDelegate.swift */; };
		5F15A2E720248FB10038039B /* Main.storyboard in Resources */ = {isa = PBXBuildFile; fileRef = 5F15A2E520248FB10038039B /* Main.storyboard */; };
		5F15A2E920248FB10038039B /* Assets.xcassets in Resources */ = {isa = PBXBuildFile; fileRef = 5F15A2E820248FB10038039B /* Assets.xcassets */; };
		5F15A2EC20248FB10038039B /* LaunchScreen.storyboard in Resources */ = {isa = PBXBuildFile; fileRef = 5F15A2EA20248FB10038039B /* LaunchScreen.storyboard */; };
		5F15A2F720248FB10038039B /* FasteReaderTests.swift in Sources */ = {isa = PBXBuildFile; fileRef = 5F15A2F620248FB10038039B /* FasteReaderTests.swift */; };
		5F15A30220248FB10038039B /* FasteReaderUITests.swift in Sources */ = {isa = PBXBuildFile; fileRef = 5F15A30120248FB10038039B /* FasteReaderUITests.swift */; };
		5F15A314202493250038039B /* pile of books.jpg in Resources */ = {isa = PBXBuildFile; fileRef = 5F15A313202493250038039B /* pile of books.jpg */; };
		5F1D3F4F20304B8300A05FB3 /* BookTabController.swift in Sources */ = {isa = PBXBuildFile; fileRef = 5F1D3F4E20304B8300A05FB3 /* BookTabController.swift */; };
		5F5B8B182026FC2600B4801A /* book_cover_brown.png in Resources */ = {isa = PBXBuildFile; fileRef = 5F5B8B152026FC2500B4801A /* book_cover_brown.png */; };
		5F5B8B192026FC2600B4801A /* book_cover_black.png in Resources */ = {isa = PBXBuildFile; fileRef = 5F5B8B162026FC2600B4801A /* book_cover_black.png */; };
		5F5B8B1A2026FC2600B4801A /* book_cover_red.png in Resources */ = {isa = PBXBuildFile; fileRef = 5F5B8B172026FC2600B4801A /* book_cover_red.png */; };
		5F5B8B1C2026FDD200B4801A /* LibraryCollectionViewController.swift in Sources */ = {isa = PBXBuildFile; fileRef = 5F5B8B1B2026FDD200B4801A /* LibraryCollectionViewController.swift */; };
		5F5B8B1F202700A700B4801A /* BookCell.swift in Sources */ = {isa = PBXBuildFile; fileRef = 5F5B8B1E202700A700B4801A /* BookCell.swift */; };
		5F61B1E5203D70BC00EA4782 /* TextHighlighterViewController.swift in Sources */ = {isa = PBXBuildFile; fileRef = 5F61B1E4203D70BC00EA4782 /* TextHighlighterViewController.swift */; };
		5F62A1CF202C4BAC0020C626 /* play.png in Resources */ = {isa = PBXBuildFile; fileRef = 5F62A1CE202C4BAC0020C626 /* play.png */; };
		5F62A1D3202C53D20020C626 /* stop.png in Resources */ = {isa = PBXBuildFile; fileRef = 5F62A1D2202C53D20020C626 /* stop.png */; };
		5F62A1D8202C80100020C626 /* ButtonDisclosureIndicator.swift in Sources */ = {isa = PBXBuildFile; fileRef = 5F62A1D7202C80100020C626 /* ButtonDisclosureIndicator.swift */; };
		5F62A1DA202C830C0020C626 /* disclosure_indicator.png in Resources */ = {isa = PBXBuildFile; fileRef = 5F62A1D9202C830C0020C626 /* disclosure_indicator.png */; };
		5F6489F2203C2F9800E680A9 /* TimeConstants.swift in Sources */ = {isa = PBXBuildFile; fileRef = 5F6489F1203C2F9800E680A9 /* TimeConstants.swift */; };
		5F6491812036C91F00FDBF83 /* ReadingTools.swift in Sources */ = {isa = PBXBuildFile; fileRef = 5F6491802036C91F00FDBF83 /* ReadingTools.swift */; };
		5F6491832036CCD100FDBF83 /* WorldFlashViewController.swift in Sources */ = {isa = PBXBuildFile; fileRef = 5F6491822036CCD100FDBF83 /* WorldFlashViewController.swift */; };
		5F6491852037098C00FDBF83 /* TextLoader.swift in Sources */ = {isa = PBXBuildFile; fileRef = 5F6491842037098C00FDBF83 /* TextLoader.swift */; };
		5F732C172039CF060057DD43 /* DiamondHighlighterUIViewController.swift in Sources */ = {isa = PBXBuildFile; fileRef = 5F732C162039CF060057DD43 /* DiamondHighlighterUIViewController.swift */; };
		5F8ADBFE202D8FF2002BCBDD /* TechniquesTextArea.swift in Sources */ = {isa = PBXBuildFile; fileRef = 5F8ADBFD202D8FF2002BCBDD /* TechniquesTextArea.swift */; };
		5F8ADC00202D9D60002BCBDD /* BookChapter.swift in Sources */ = {isa = PBXBuildFile; fileRef = 5F8ADBFF202D9D60002BCBDD /* BookChapter.swift */; };
		5F99ED24203AFE12007686DF /* ToolStyle.swift in Sources */ = {isa = PBXBuildFile; fileRef = 5F99ED23203AFE12007686DF /* ToolStyle.swift */; };
		5F9DF97E20299AC4002F14B3 /* stick_chapter_1.txt in Resources */ = {isa = PBXBuildFile; fileRef = 5F9DF94E20299AC4002F14B3 /* stick_chapter_1.txt */; };
		5F9DF97F20299AC4002F14B3 /* stick_chapter_2.txt in Resources */ = {isa = PBXBuildFile; fileRef = 5F9DF94F20299AC4002F14B3 /* stick_chapter_2.txt */; };
		5F9DF98020299AC4002F14B3 /* stick_chapter_3.txt in Resources */ = {isa = PBXBuildFile; fileRef = 5F9DF95020299AC4002F14B3 /* stick_chapter_3.txt */; };
		5F9DF98120299AC4002F14B3 /* stick_chapter_4.txt in Resources */ = {isa = PBXBuildFile; fileRef = 5F9DF95120299AC4002F14B3 /* stick_chapter_4.txt */; };
		5F9DF98220299AC4002F14B3 /* stick_chapter_5.txt in Resources */ = {isa = PBXBuildFile; fileRef = 5F9DF95220299AC4002F14B3 /* stick_chapter_5.txt */; };
		5F9DF98320299AC4002F14B3 /* stick_chapter_6.txt in Resources */ = {isa = PBXBuildFile; fileRef = 5F9DF95320299AC4002F14B3 /* stick_chapter_6.txt */; };
		5F9DF98420299AC4002F14B3 /* origin_chapter_1.txt in Resources */ = {isa = PBXBuildFile; fileRef = 5F9DF95520299AC4002F14B3 /* origin_chapter_1.txt */; };
		5F9DF98520299AC4002F14B3 /* origin_chapter_2.txt in Resources */ = {isa = PBXBuildFile; fileRef = 5F9DF95620299AC4002F14B3 /* origin_chapter_2.txt */; };
		5F9DF98620299AC4002F14B3 /* origin_chapter_3.txt in Resources */ = {isa = PBXBuildFile; fileRef = 5F9DF95720299AC4002F14B3 /* origin_chapter_3.txt */; };
		5F9DF98720299AC4002F14B3 /* origin_chapter_4.txt in Resources */ = {isa = PBXBuildFile; fileRef = 5F9DF95820299AC4002F14B3 /* origin_chapter_4.txt */; };
		5F9DF98820299AC4002F14B3 /* origin_chapter_5.txt in Resources */ = {isa = PBXBuildFile; fileRef = 5F9DF95920299AC4002F14B3 /* origin_chapter_5.txt */; };
		5F9DF98920299AC4002F14B3 /* origin_chapter_6.txt in Resources */ = {isa = PBXBuildFile; fileRef = 5F9DF95A20299AC4002F14B3 /* origin_chapter_6.txt */; };
		5F9DF98A20299AC4002F14B3 /* create_chapter_1.txt in Resources */ = {isa = PBXBuildFile; fileRef = 5F9DF95C20299AC4002F14B3 /* create_chapter_1.txt */; };
		5F9DF98B20299AC4002F14B3 /* create_chapter_2.txt in Resources */ = {isa = PBXBuildFile; fileRef = 5F9DF95D20299AC4002F14B3 /* create_chapter_2.txt */; };
		5F9DF98C20299AC4002F14B3 /* create_chapter_3.txt in Resources */ = {isa = PBXBuildFile; fileRef = 5F9DF95E20299AC4002F14B3 /* create_chapter_3.txt */; };
		5F9DF98D20299AC4002F14B3 /* create_chapter_4.txt in Resources */ = {isa = PBXBuildFile; fileRef = 5F9DF95F20299AC4002F14B3 /* create_chapter_4.txt */; };
		5F9DF98E20299AC4002F14B3 /* create_chapter_5.txt in Resources */ = {isa = PBXBuildFile; fileRef = 5F9DF96020299AC4002F14B3 /* create_chapter_5.txt */; };
		5F9DF98F20299AC4002F14B3 /* create_chapter_6.txt in Resources */ = {isa = PBXBuildFile; fileRef = 5F9DF96120299AC4002F14B3 /* create_chapter_6.txt */; };
		5F9DF99020299AC4002F14B3 /* spy_chapter_1.txt in Resources */ = {isa = PBXBuildFile; fileRef = 5F9DF96320299AC4002F14B3 /* spy_chapter_1.txt */; };
		5F9DF99120299AC4002F14B3 /* spy_chapter_2.txt in Resources */ = {isa = PBXBuildFile; fileRef = 5F9DF96420299AC4002F14B3 /* spy_chapter_2.txt */; };
		5F9DF99220299AC4002F14B3 /* spy_chapter_3.txt in Resources */ = {isa = PBXBuildFile; fileRef = 5F9DF96520299AC4002F14B3 /* spy_chapter_3.txt */; };
		5F9DF99320299AC4002F14B3 /* spy_chapter_4.txt in Resources */ = {isa = PBXBuildFile; fileRef = 5F9DF96620299AC4002F14B3 /* spy_chapter_4.txt */; };
		5F9DF99420299AC4002F14B3 /* spy_chapter_5.txt in Resources */ = {isa = PBXBuildFile; fileRef = 5F9DF96720299AC4002F14B3 /* spy_chapter_5.txt */; };
		5F9DF99520299AC4002F14B3 /* spy_chapter_6.txt in Resources */ = {isa = PBXBuildFile; fileRef = 5F9DF96820299AC4002F14B3 /* spy_chapter_6.txt */; };
		5F9DF99620299AC4002F14B3 /* learning_chapter_1.txt in Resources */ = {isa = PBXBuildFile; fileRef = 5F9DF96A20299AC4002F14B3 /* learning_chapter_1.txt */; };
		5F9DF99720299AC4002F14B3 /* learning_chapter_2.txt in Resources */ = {isa = PBXBuildFile; fileRef = 5F9DF96B20299AC4002F14B3 /* learning_chapter_2.txt */; };
		5F9DF99820299AC4002F14B3 /* learning_chapter_3.txt in Resources */ = {isa = PBXBuildFile; fileRef = 5F9DF96C20299AC4002F14B3 /* learning_chapter_3.txt */; };
		5F9DF99920299AC4002F14B3 /* learning_chapter_4.txt in Resources */ = {isa = PBXBuildFile; fileRef = 5F9DF96D20299AC4002F14B3 /* learning_chapter_4.txt */; };
		5F9DF99A20299AC4002F14B3 /* learning_chapter_5.txt in Resources */ = {isa = PBXBuildFile; fileRef = 5F9DF96E20299AC4002F14B3 /* learning_chapter_5.txt */; };
		5F9DF99B20299AC4002F14B3 /* learning_chapter_6.txt in Resources */ = {isa = PBXBuildFile; fileRef = 5F9DF96F20299AC4002F14B3 /* learning_chapter_6.txt */; };
		5F9DF99C20299AC4002F14B3 /* theory_chapter_1.txt in Resources */ = {isa = PBXBuildFile; fileRef = 5F9DF97120299AC4002F14B3 /* theory_chapter_1.txt */; };
		5F9DF99D20299AC4002F14B3 /* theory_chapter_2.txt in Resources */ = {isa = PBXBuildFile; fileRef = 5F9DF97220299AC4002F14B3 /* theory_chapter_2.txt */; };
		5F9DF99E20299AC4002F14B3 /* theory_chapter_3.txt in Resources */ = {isa = PBXBuildFile; fileRef = 5F9DF97320299AC4002F14B3 /* theory_chapter_3.txt */; };
		5F9DF99F20299AC4002F14B3 /* theory_chapter_4.txt in Resources */ = {isa = PBXBuildFile; fileRef = 5F9DF97420299AC4002F14B3 /* theory_chapter_4.txt */; };
		5F9DF9A020299AC4002F14B3 /* theory_chapter_5.txt in Resources */ = {isa = PBXBuildFile; fileRef = 5F9DF97520299AC4002F14B3 /* theory_chapter_5.txt */; };
		5F9DF9A120299AC4002F14B3 /* theory_chapter_6.txt in Resources */ = {isa = PBXBuildFile; fileRef = 5F9DF97620299AC4002F14B3 /* theory_chapter_6.txt */; };
		5F9DF9A220299AC4002F14B3 /* mind_chapter_1.txt in Resources */ = {isa = PBXBuildFile; fileRef = 5F9DF97820299AC4002F14B3 /* mind_chapter_1.txt */; };
		5F9DF9A320299AC4002F14B3 /* mind_chapter_2.txt in Resources */ = {isa = PBXBuildFile; fileRef = 5F9DF97920299AC4002F14B3 /* mind_chapter_2.txt */; };
		5F9DF9A420299AC4002F14B3 /* mind_chapter_3.txt in Resources */ = {isa = PBXBuildFile; fileRef = 5F9DF97A20299AC4002F14B3 /* mind_chapter_3.txt */; };
		5F9DF9A520299AC4002F14B3 /* mind_chapter_4.txt in Resources */ = {isa = PBXBuildFile; fileRef = 5F9DF97B20299AC4002F14B3 /* mind_chapter_4.txt */; };
		5F9DF9A620299AC4002F14B3 /* mind_chapter_5.txt in Resources */ = {isa = PBXBuildFile; fileRef = 5F9DF97C20299AC4002F14B3 /* mind_chapter_5.txt */; };
		5F9DF9A720299AC4002F14B3 /* mind_chapter_6.txt in Resources */ = {isa = PBXBuildFile; fileRef = 5F9DF97D20299AC4002F14B3 /* mind_chapter_6.txt */; };
		5F9DF9AD2029A859002F14B3 /* Book.swift in Sources */ = {isa = PBXBuildFile; fileRef = 5F9DF9AC2029A859002F14B3 /* Book.swift */; };
		5F9DF9B12029B1ED002F14B3 /* BookContentsTableViewController.swift in Sources */ = {isa = PBXBuildFile; fileRef = 5F9DF9B02029B1ED002F14B3 /* BookContentsTableViewController.swift */; };
		5FA0876D203830B3005D9810 /* ButtonBackgroundForState.swift in Sources */ = {isa = PBXBuildFile; fileRef = 5FA0876C203830B3005D9810 /* ButtonBackgroundForState.swift */; };
		5FA5AEB2203176A000377543 /* diamond_description.txt in Resources */ = {isa = PBXBuildFile; fileRef = 5FA5AEAE203176A000377543 /* diamond_description.txt */; };
		5FA5AEB3203176A000377543 /* expand_vision_description.txt in Resources */ = {isa = PBXBuildFile; fileRef = 5FA5AEAF203176A000377543 /* expand_vision_description.txt */; };
		5FA5AEB4203176A000377543 /* text_highlighter_description.txt in Resources */ = {isa = PBXBuildFile; fileRef = 5FA5AEB0203176A000377543 /* text_highlighter_description.txt */; };
		5FA5AEB5203176A000377543 /* word_flash_description.txt in Resources */ = {isa = PBXBuildFile; fileRef = 5FA5AEB1203176A000377543 /* word_flash_description.txt */; };
		5FA5AEB82031816900377543 /* ProfileViewController.swift in Sources */ = {isa = PBXBuildFile; fileRef = 5FA5AEB72031816900377543 /* ProfileViewController.swift */; };
		5FA5AEBA203185DC00377543 /* LibraryPickerProtocol.swift in Sources */ = {isa = PBXBuildFile; fileRef = 5FA5AEB9203185DC00377543 /* LibraryPickerProtocol.swift */; };
		5FA5AEBC20319D2E00377543 /* profile_empty.png in Resources */ = {isa = PBXBuildFile; fileRef = 5FA5AEBB20319D2E00377543 /* profile_empty.png */; };
		5FA5AEBE2031D9A600377543 /* Profile.swift in Sources */ = {isa = PBXBuildFile; fileRef = 5FA5AEBD2031D9A600377543 /* Profile.swift */; };
		5FAB042920402FB200DD30B4 /* ExpandVisionViewController.swift in Sources */ = {isa = PBXBuildFile; fileRef = 5FAB042820402FB200DD30B4 /* ExpandVisionViewController.swift */; };
/* End PBXBuildFile section */

/* Begin PBXContainerItemProxy section */
		5F15A2F320248FB10038039B /* PBXContainerItemProxy */ = {
			isa = PBXContainerItemProxy;
			containerPortal = 5F15A2D620248FB10038039B /* Project object */;
			proxyType = 1;
			remoteGlobalIDString = 5F15A2DD20248FB10038039B;
			remoteInfo = FasteReader;
		};
		5F15A2FE20248FB10038039B /* PBXContainerItemProxy */ = {
			isa = PBXContainerItemProxy;
			containerPortal = 5F15A2D620248FB10038039B /* Project object */;
			proxyType = 1;
			remoteGlobalIDString = 5F15A2DD20248FB10038039B;
			remoteInfo = FasteReader;
		};
/* End PBXContainerItemProxy section */

/* Begin PBXFileReference section */
		5F0312CC2032E677000D00E8 /* DigitsOnlyString.swift */ = {isa = PBXFileReference; lastKnownFileType = sourcecode.swift; path = DigitsOnlyString.swift; sourceTree = "<group>"; };
		5F0692D1202AF1D9003A6F20 /* TechniquesViewController.swift */ = {isa = PBXFileReference; lastKnownFileType = sourcecode.swift; path = TechniquesViewController.swift; sourceTree = "<group>"; };
		5F0692DB202AFAB6003A6F20 /* diamond.png */ = {isa = PBXFileReference; lastKnownFileType = image.png; path = diamond.png; sourceTree = "<group>"; };
		5F0692DC202AFAB6003A6F20 /* memory.png */ = {isa = PBXFileReference; lastKnownFileType = image.png; path = memory.png; sourceTree = "<group>"; };
		5F0692DD202AFAB7003A6F20 /* text_highlight.png */ = {isa = PBXFileReference; lastKnownFileType = image.png; path = text_highlight.png; sourceTree = "<group>"; };
		5F0692DE202AFAB7003A6F20 /* word_flash.png */ = {isa = PBXFileReference; lastKnownFileType = image.png; path = word_flash.png; sourceTree = "<group>"; };
		5F1171992025BE5300EE94B7 /* techniques.png */ = {isa = PBXFileReference; lastKnownFileType = image.png; path = techniques.png; sourceTree = "<group>"; };
		5F11719A2025BE5300EE94B7 /* library.png */ = {isa = PBXFileReference; lastKnownFileType = image.png; path = library.png; sourceTree = "<group>"; };
		5F11719B2025BE5300EE94B7 /* test.png */ = {isa = PBXFileReference; lastKnownFileType = image.png; path = test.png; sourceTree = "<group>"; };
		5F11719C2025BE5300EE94B7 /* profile.png */ = {isa = PBXFileReference; lastKnownFileType = image.png; path = profile.png; sourceTree = "<group>"; };
		5F15A2DE20248FB10038039B /* FasteReader.app */ = {isa = PBXFileReference; explicitFileType = wrapper.application; includeInIndex = 0; path = FasteReader.app; sourceTree = BUILT_PRODUCTS_DIR; };
		5F15A2E120248FB10038039B /* AppDelegate.swift */ = {isa = PBXFileReference; lastKnownFileType = sourcecode.swift; path = AppDelegate.swift; sourceTree = "<group>"; };
		5F15A2E620248FB10038039B /* Base */ = {isa = PBXFileReference; lastKnownFileType = file.storyboard; name = Base; path = Base.lproj/Main.storyboard; sourceTree = "<group>"; };
		5F15A2E820248FB10038039B /* Assets.xcassets */ = {isa = PBXFileReference; lastKnownFileType = folder.assetcatalog; path = Assets.xcassets; sourceTree = "<group>"; };
		5F15A2EB20248FB10038039B /* Base */ = {isa = PBXFileReference; lastKnownFileType = file.storyboard; name = Base; path = Base.lproj/LaunchScreen.storyboard; sourceTree = "<group>"; };
		5F15A2ED20248FB10038039B /* Info.plist */ = {isa = PBXFileReference; lastKnownFileType = text.plist.xml; path = Info.plist; sourceTree = "<group>"; };
		5F15A2F220248FB10038039B /* FasteReaderTests.xctest */ = {isa = PBXFileReference; explicitFileType = wrapper.cfbundle; includeInIndex = 0; path = FasteReaderTests.xctest; sourceTree = BUILT_PRODUCTS_DIR; };
		5F15A2F620248FB10038039B /* FasteReaderTests.swift */ = {isa = PBXFileReference; lastKnownFileType = sourcecode.swift; path = FasteReaderTests.swift; sourceTree = "<group>"; };
		5F15A2F820248FB10038039B /* Info.plist */ = {isa = PBXFileReference; lastKnownFileType = text.plist.xml; path = Info.plist; sourceTree = "<group>"; };
		5F15A2FD20248FB10038039B /* FasteReaderUITests.xctest */ = {isa = PBXFileReference; explicitFileType = wrapper.cfbundle; includeInIndex = 0; path = FasteReaderUITests.xctest; sourceTree = BUILT_PRODUCTS_DIR; };
		5F15A30120248FB10038039B /* FasteReaderUITests.swift */ = {isa = PBXFileReference; lastKnownFileType = sourcecode.swift; path = FasteReaderUITests.swift; sourceTree = "<group>"; };
		5F15A30320248FB10038039B /* Info.plist */ = {isa = PBXFileReference; lastKnownFileType = text.plist.xml; path = Info.plist; sourceTree = "<group>"; };
		5F15A313202493250038039B /* pile of books.jpg */ = {isa = PBXFileReference; lastKnownFileType = image.jpeg; path = "pile of books.jpg"; sourceTree = "<group>"; };
		5F1D3F4E20304B8300A05FB3 /* BookTabController.swift */ = {isa = PBXFileReference; lastKnownFileType = sourcecode.swift; path = BookTabController.swift; sourceTree = "<group>"; };
		5F5B8B152026FC2500B4801A /* book_cover_brown.png */ = {isa = PBXFileReference; lastKnownFileType = image.png; path = book_cover_brown.png; sourceTree = "<group>"; };
		5F5B8B162026FC2600B4801A /* book_cover_black.png */ = {isa = PBXFileReference; lastKnownFileType = image.png; path = book_cover_black.png; sourceTree = "<group>"; };
		5F5B8B172026FC2600B4801A /* book_cover_red.png */ = {isa = PBXFileReference; lastKnownFileType = image.png; path = book_cover_red.png; sourceTree = "<group>"; };
		5F5B8B1B2026FDD200B4801A /* LibraryCollectionViewController.swift */ = {isa = PBXFileReference; lastKnownFileType = sourcecode.swift; path = LibraryCollectionViewController.swift; sourceTree = "<group>"; };
		5F5B8B1E202700A700B4801A /* BookCell.swift */ = {isa = PBXFileReference; lastKnownFileType = sourcecode.swift; path = BookCell.swift; sourceTree = "<group>"; };
		5F61B1E4203D70BC00EA4782 /* TextHighlighterViewController.swift */ = {isa = PBXFileReference; lastKnownFileType = sourcecode.swift; path = TextHighlighterViewController.swift; sourceTree = "<group>"; };
		5F62A1CE202C4BAC0020C626 /* play.png */ = {isa = PBXFileReference; lastKnownFileType = image.png; path = play.png; sourceTree = "<group>"; };
		5F62A1D2202C53D20020C626 /* stop.png */ = {isa = PBXFileReference; lastKnownFileType = image.png; path = stop.png; sourceTree = "<group>"; };
		5F62A1D7202C80100020C626 /* ButtonDisclosureIndicator.swift */ = {isa = PBXFileReference; lastKnownFileType = sourcecode.swift; path = ButtonDisclosureIndicator.swift; sourceTree = "<group>"; };
		5F62A1D9202C830C0020C626 /* disclosure_indicator.png */ = {isa = PBXFileReference; lastKnownFileType = image.png; path = disclosure_indicator.png; sourceTree = "<group>"; };
		5F6489F1203C2F9800E680A9 /* TimeConstants.swift */ = {isa = PBXFileReference; lastKnownFileType = sourcecode.swift; path = TimeConstants.swift; sourceTree = "<group>"; };
		5F6491802036C91F00FDBF83 /* ReadingTools.swift */ = {isa = PBXFileReference; lastKnownFileType = sourcecode.swift; path = ReadingTools.swift; sourceTree = "<group>"; };
		5F6491822036CCD100FDBF83 /* WorldFlashViewController.swift */ = {isa = PBXFileReference; lastKnownFileType = sourcecode.swift; path = WorldFlashViewController.swift; sourceTree = "<group>"; };
		5F6491842037098C00FDBF83 /* TextLoader.swift */ = {isa = PBXFileReference; lastKnownFileType = sourcecode.swift; path = TextLoader.swift; sourceTree = "<group>"; };
		5F732C162039CF060057DD43 /* DiamondHighlighterUIViewController.swift */ = {isa = PBXFileReference; lastKnownFileType = sourcecode.swift; path = DiamondHighlighterUIViewController.swift; sourceTree = "<group>"; };
		5F8ADBFD202D8FF2002BCBDD /* TechniquesTextArea.swift */ = {isa = PBXFileReference; lastKnownFileType = sourcecode.swift; path = TechniquesTextArea.swift; sourceTree = "<group>"; };
		5F8ADBFF202D9D60002BCBDD /* BookChapter.swift */ = {isa = PBXFileReference; lastKnownFileType = sourcecode.swift; path = BookChapter.swift; sourceTree = "<group>"; };
		5F99ED23203AFE12007686DF /* ToolStyle.swift */ = {isa = PBXFileReference; lastKnownFileType = sourcecode.swift; path = ToolStyle.swift; sourceTree = "<group>"; };
		5F9DF94E20299AC4002F14B3 /* stick_chapter_1.txt */ = {isa = PBXFileReference; fileEncoding = 4; lastKnownFileType = text; path = stick_chapter_1.txt; sourceTree = "<group>"; };
		5F9DF94F20299AC4002F14B3 /* stick_chapter_2.txt */ = {isa = PBXFileReference; fileEncoding = 4; lastKnownFileType = text; path = stick_chapter_2.txt; sourceTree = "<group>"; };
		5F9DF95020299AC4002F14B3 /* stick_chapter_3.txt */ = {isa = PBXFileReference; fileEncoding = 4; lastKnownFileType = text; path = stick_chapter_3.txt; sourceTree = "<group>"; };
		5F9DF95120299AC4002F14B3 /* stick_chapter_4.txt */ = {isa = PBXFileReference; fileEncoding = 4; lastKnownFileType = text; path = stick_chapter_4.txt; sourceTree = "<group>"; };
		5F9DF95220299AC4002F14B3 /* stick_chapter_5.txt */ = {isa = PBXFileReference; fileEncoding = 4; lastKnownFileType = text; path = stick_chapter_5.txt; sourceTree = "<group>"; };
		5F9DF95320299AC4002F14B3 /* stick_chapter_6.txt */ = {isa = PBXFileReference; fileEncoding = 4; lastKnownFileType = text; path = stick_chapter_6.txt; sourceTree = "<group>"; };
		5F9DF95520299AC4002F14B3 /* origin_chapter_1.txt */ = {isa = PBXFileReference; fileEncoding = 4; lastKnownFileType = text; path = origin_chapter_1.txt; sourceTree = "<group>"; };
		5F9DF95620299AC4002F14B3 /* origin_chapter_2.txt */ = {isa = PBXFileReference; fileEncoding = 4; lastKnownFileType = text; path = origin_chapter_2.txt; sourceTree = "<group>"; };
		5F9DF95720299AC4002F14B3 /* origin_chapter_3.txt */ = {isa = PBXFileReference; fileEncoding = 4; lastKnownFileType = text; path = origin_chapter_3.txt; sourceTree = "<group>"; };
		5F9DF95820299AC4002F14B3 /* origin_chapter_4.txt */ = {isa = PBXFileReference; fileEncoding = 4; lastKnownFileType = text; path = origin_chapter_4.txt; sourceTree = "<group>"; };
		5F9DF95920299AC4002F14B3 /* origin_chapter_5.txt */ = {isa = PBXFileReference; fileEncoding = 4; lastKnownFileType = text; path = origin_chapter_5.txt; sourceTree = "<group>"; };
		5F9DF95A20299AC4002F14B3 /* origin_chapter_6.txt */ = {isa = PBXFileReference; fileEncoding = 4; lastKnownFileType = text; path = origin_chapter_6.txt; sourceTree = "<group>"; };
		5F9DF95C20299AC4002F14B3 /* create_chapter_1.txt */ = {isa = PBXFileReference; fileEncoding = 4; lastKnownFileType = text; path = create_chapter_1.txt; sourceTree = "<group>"; };
		5F9DF95D20299AC4002F14B3 /* create_chapter_2.txt */ = {isa = PBXFileReference; fileEncoding = 4; lastKnownFileType = text; path = create_chapter_2.txt; sourceTree = "<group>"; };
		5F9DF95E20299AC4002F14B3 /* create_chapter_3.txt */ = {isa = PBXFileReference; fileEncoding = 4; lastKnownFileType = text; path = create_chapter_3.txt; sourceTree = "<group>"; };
		5F9DF95F20299AC4002F14B3 /* create_chapter_4.txt */ = {isa = PBXFileReference; fileEncoding = 4; lastKnownFileType = text; path = create_chapter_4.txt; sourceTree = "<group>"; };
		5F9DF96020299AC4002F14B3 /* create_chapter_5.txt */ = {isa = PBXFileReference; fileEncoding = 4; lastKnownFileType = text; path = create_chapter_5.txt; sourceTree = "<group>"; };
		5F9DF96120299AC4002F14B3 /* create_chapter_6.txt */ = {isa = PBXFileReference; fileEncoding = 4; lastKnownFileType = text; path = create_chapter_6.txt; sourceTree = "<group>"; };
		5F9DF96320299AC4002F14B3 /* spy_chapter_1.txt */ = {isa = PBXFileReference; fileEncoding = 4; lastKnownFileType = text; path = spy_chapter_1.txt; sourceTree = "<group>"; };
		5F9DF96420299AC4002F14B3 /* spy_chapter_2.txt */ = {isa = PBXFileReference; fileEncoding = 4; lastKnownFileType = text; path = spy_chapter_2.txt; sourceTree = "<group>"; };
		5F9DF96520299AC4002F14B3 /* spy_chapter_3.txt */ = {isa = PBXFileReference; fileEncoding = 4; lastKnownFileType = text; path = spy_chapter_3.txt; sourceTree = "<group>"; };
		5F9DF96620299AC4002F14B3 /* spy_chapter_4.txt */ = {isa = PBXFileReference; fileEncoding = 4; lastKnownFileType = text; path = spy_chapter_4.txt; sourceTree = "<group>"; };
		5F9DF96720299AC4002F14B3 /* spy_chapter_5.txt */ = {isa = PBXFileReference; fileEncoding = 4; lastKnownFileType = text; path = spy_chapter_5.txt; sourceTree = "<group>"; };
		5F9DF96820299AC4002F14B3 /* spy_chapter_6.txt */ = {isa = PBXFileReference; fileEncoding = 4; lastKnownFileType = text; path = spy_chapter_6.txt; sourceTree = "<group>"; };
		5F9DF96A20299AC4002F14B3 /* learning_chapter_1.txt */ = {isa = PBXFileReference; fileEncoding = 4; lastKnownFileType = text; path = learning_chapter_1.txt; sourceTree = "<group>"; };
		5F9DF96B20299AC4002F14B3 /* learning_chapter_2.txt */ = {isa = PBXFileReference; fileEncoding = 4; lastKnownFileType = text; path = learning_chapter_2.txt; sourceTree = "<group>"; };
		5F9DF96C20299AC4002F14B3 /* learning_chapter_3.txt */ = {isa = PBXFileReference; fileEncoding = 4; lastKnownFileType = text; path = learning_chapter_3.txt; sourceTree = "<group>"; };
		5F9DF96D20299AC4002F14B3 /* learning_chapter_4.txt */ = {isa = PBXFileReference; fileEncoding = 4; lastKnownFileType = text; path = learning_chapter_4.txt; sourceTree = "<group>"; };
		5F9DF96E20299AC4002F14B3 /* learning_chapter_5.txt */ = {isa = PBXFileReference; fileEncoding = 4; lastKnownFileType = text; path = learning_chapter_5.txt; sourceTree = "<group>"; };
		5F9DF96F20299AC4002F14B3 /* learning_chapter_6.txt */ = {isa = PBXFileReference; fileEncoding = 4; lastKnownFileType = text; path = learning_chapter_6.txt; sourceTree = "<group>"; };
		5F9DF97120299AC4002F14B3 /* theory_chapter_1.txt */ = {isa = PBXFileReference; fileEncoding = 4; lastKnownFileType = text; path = theory_chapter_1.txt; sourceTree = "<group>"; };
		5F9DF97220299AC4002F14B3 /* theory_chapter_2.txt */ = {isa = PBXFileReference; fileEncoding = 4; lastKnownFileType = text; path = theory_chapter_2.txt; sourceTree = "<group>"; };
		5F9DF97320299AC4002F14B3 /* theory_chapter_3.txt */ = {isa = PBXFileReference; fileEncoding = 4; lastKnownFileType = text; path = theory_chapter_3.txt; sourceTree = "<group>"; };
		5F9DF97420299AC4002F14B3 /* theory_chapter_4.txt */ = {isa = PBXFileReference; fileEncoding = 4; lastKnownFileType = text; path = theory_chapter_4.txt; sourceTree = "<group>"; };
		5F9DF97520299AC4002F14B3 /* theory_chapter_5.txt */ = {isa = PBXFileReference; fileEncoding = 4; lastKnownFileType = text; path = theory_chapter_5.txt; sourceTree = "<group>"; };
		5F9DF97620299AC4002F14B3 /* theory_chapter_6.txt */ = {isa = PBXFileReference; fileEncoding = 4; lastKnownFileType = text; path = theory_chapter_6.txt; sourceTree = "<group>"; };
		5F9DF97820299AC4002F14B3 /* mind_chapter_1.txt */ = {isa = PBXFileReference; fileEncoding = 4; lastKnownFileType = text; path = mind_chapter_1.txt; sourceTree = "<group>"; };
		5F9DF97920299AC4002F14B3 /* mind_chapter_2.txt */ = {isa = PBXFileReference; fileEncoding = 4; lastKnownFileType = text; path = mind_chapter_2.txt; sourceTree = "<group>"; };
		5F9DF97A20299AC4002F14B3 /* mind_chapter_3.txt */ = {isa = PBXFileReference; fileEncoding = 4; lastKnownFileType = text; path = mind_chapter_3.txt; sourceTree = "<group>"; };
		5F9DF97B20299AC4002F14B3 /* mind_chapter_4.txt */ = {isa = PBXFileReference; fileEncoding = 4; lastKnownFileType = text; path = mind_chapter_4.txt; sourceTree = "<group>"; };
		5F9DF97C20299AC4002F14B3 /* mind_chapter_5.txt */ = {isa = PBXFileReference; fileEncoding = 4; lastKnownFileType = text; path = mind_chapter_5.txt; sourceTree = "<group>"; };
		5F9DF97D20299AC4002F14B3 /* mind_chapter_6.txt */ = {isa = PBXFileReference; fileEncoding = 4; lastKnownFileType = text; path = mind_chapter_6.txt; sourceTree = "<group>"; };
		5F9DF9AC2029A859002F14B3 /* Book.swift */ = {isa = PBXFileReference; lastKnownFileType = sourcecode.swift; path = Book.swift; sourceTree = "<group>"; };
		5F9DF9B02029B1ED002F14B3 /* BookContentsTableViewController.swift */ = {isa = PBXFileReference; lastKnownFileType = sourcecode.swift; path = BookContentsTableViewController.swift; sourceTree = "<group>"; };
		5FA0876C203830B3005D9810 /* ButtonBackgroundForState.swift */ = {isa = PBXFileReference; lastKnownFileType = sourcecode.swift; path = ButtonBackgroundForState.swift; sourceTree = "<group>"; };
		5FA5AEAE203176A000377543 /* diamond_description.txt */ = {isa = PBXFileReference; fileEncoding = 4; lastKnownFileType = text; path = diamond_description.txt; sourceTree = "<group>"; };
		5FA5AEAF203176A000377543 /* expand_vision_description.txt */ = {isa = PBXFileReference; fileEncoding = 4; lastKnownFileType = text; path = expand_vision_description.txt; sourceTree = "<group>"; };
		5FA5AEB0203176A000377543 /* text_highlighter_description.txt */ = {isa = PBXFileReference; fileEncoding = 4; lastKnownFileType = text; path = text_highlighter_description.txt; sourceTree = "<group>"; };
		5FA5AEB1203176A000377543 /* word_flash_description.txt */ = {isa = PBXFileReference; fileEncoding = 4; lastKnownFileType = text; path = word_flash_description.txt; sourceTree = "<group>"; };
		5FA5AEB72031816900377543 /* ProfileViewController.swift */ = {isa = PBXFileReference; lastKnownFileType = sourcecode.swift; path = ProfileViewController.swift; sourceTree = "<group>"; };
		5FA5AEB9203185DC00377543 /* LibraryPickerProtocol.swift */ = {isa = PBXFileReference; lastKnownFileType = sourcecode.swift; path = LibraryPickerProtocol.swift; sourceTree = "<group>"; };
		5FA5AEBB20319D2E00377543 /* profile_empty.png */ = {isa = PBXFileReference; lastKnownFileType = image.png; path = profile_empty.png; sourceTree = "<group>"; };
		5FA5AEBD2031D9A600377543 /* Profile.swift */ = {isa = PBXFileReference; lastKnownFileType = sourcecode.swift; path = Profile.swift; sourceTree = "<group>"; };
		5FAB042820402FB200DD30B4 /* ExpandVisionViewController.swift */ = {isa = PBXFileReference; lastKnownFileType = sourcecode.swift; path = ExpandVisionViewController.swift; sourceTree = "<group>"; };
/* End PBXFileReference section */

/* Begin PBXFrameworksBuildPhase section */
		5F15A2DB20248FB10038039B /* Frameworks */ = {
			isa = PBXFrameworksBuildPhase;
			buildActionMask = 2147483647;
			files = (
			);
			runOnlyForDeploymentPostprocessing = 0;
		};
		5F15A2EF20248FB10038039B /* Frameworks */ = {
			isa = PBXFrameworksBuildPhase;
			buildActionMask = 2147483647;
			files = (
			);
			runOnlyForDeploymentPostprocessing = 0;
		};
		5F15A2FA20248FB10038039B /* Frameworks */ = {
			isa = PBXFrameworksBuildPhase;
			buildActionMask = 2147483647;
			files = (
			);
			runOnlyForDeploymentPostprocessing = 0;
		};
/* End PBXFrameworksBuildPhase section */

/* Begin PBXGroup section */
		5F0312CB2032E651000D00E8 /* String Digits Only Extension */ = {
			isa = PBXGroup;
			children = (
				5F0312CC2032E677000D00E8 /* DigitsOnlyString.swift */,
			);
			path = "String Digits Only Extension";
			sourceTree = "<group>";
		};
		5F0692D0202AF18A003A6F20 /* Techniques */ = {
			isa = PBXGroup;
			children = (
				5F0692D1202AF1D9003A6F20 /* TechniquesViewController.swift */,
				5F8ADBFD202D8FF2002BCBDD /* TechniquesTextArea.swift */,
			);
			path = Techniques;
			sourceTree = "<group>";
		};
		5F15A2D520248FB10038039B = {
			isa = PBXGroup;
			children = (
				5F15A2E020248FB10038039B /* FasteReader */,
				5F15A2F520248FB10038039B /* FasteReaderTests */,
				5F15A30020248FB10038039B /* FasteReaderUITests */,
				5F15A2DF20248FB10038039B /* Products */,
			);
			sourceTree = "<group>";
		};
		5F15A2DF20248FB10038039B /* Products */ = {
			isa = PBXGroup;
			children = (
				5F15A2DE20248FB10038039B /* FasteReader.app */,
				5F15A2F220248FB10038039B /* FasteReaderTests.xctest */,
				5F15A2FD20248FB10038039B /* FasteReaderUITests.xctest */,
			);
			name = Products;
			sourceTree = "<group>";
		};
		5F15A2E020248FB10038039B /* FasteReader */ = {
			isa = PBXGroup;
			children = (
				5F64917F2036C80600FDBF83 /* Tools */,
				5F0312CB2032E651000D00E8 /* String Digits Only Extension */,
				5FA5AEB62031814300377543 /* Profile */,
				5FA5AEAD2031767800377543 /* Tool Descriptions */,
				5F1D3F4D20304B4C00A05FB3 /* Tab Bar Customization */,
				5F62A1D6202C7FD00020C626 /* Button Expansions */,
				5F0692D0202AF18A003A6F20 /* Techniques */,
				5F9DF94C20299AC4002F14B3 /* Books */,
				5F5B8B1D2027004B00B4801A /* Library */,
				5F15A312202492FA0038039B /* Images */,
				5F15A2E120248FB10038039B /* AppDelegate.swift */,
				5F15A2E520248FB10038039B /* Main.storyboard */,
				5F15A2E820248FB10038039B /* Assets.xcassets */,
				5F15A2EA20248FB10038039B /* LaunchScreen.storyboard */,
				5F15A2ED20248FB10038039B /* Info.plist */,
			);
			path = FasteReader;
			sourceTree = "<group>";
		};
		5F15A2F520248FB10038039B /* FasteReaderTests */ = {
			isa = PBXGroup;
			children = (
				5F15A2F620248FB10038039B /* FasteReaderTests.swift */,
				5F15A2F820248FB10038039B /* Info.plist */,
			);
			path = FasteReaderTests;
			sourceTree = "<group>";
		};
		5F15A30020248FB10038039B /* FasteReaderUITests */ = {
			isa = PBXGroup;
			children = (
				5F15A30120248FB10038039B /* FasteReaderUITests.swift */,
				5F15A30320248FB10038039B /* Info.plist */,
			);
			path = FasteReaderUITests;
			sourceTree = "<group>";
		};
		5F15A312202492FA0038039B /* Images */ = {
			isa = PBXGroup;
			children = (
				5FA5AEBB20319D2E00377543 /* profile_empty.png */,
				5F62A1D9202C830C0020C626 /* disclosure_indicator.png */,
				5F62A1CE202C4BAC0020C626 /* play.png */,
				5F62A1D2202C53D20020C626 /* stop.png */,
				5F5B8B162026FC2600B4801A /* book_cover_black.png */,
				5F0692DB202AFAB6003A6F20 /* diamond.png */,
				5F0692DC202AFAB6003A6F20 /* memory.png */,
				5F0692DD202AFAB7003A6F20 /* text_highlight.png */,
				5F0692DE202AFAB7003A6F20 /* word_flash.png */,
				5F5B8B152026FC2500B4801A /* book_cover_brown.png */,
				5F5B8B172026FC2600B4801A /* book_cover_red.png */,
				5F15A313202493250038039B /* pile of books.jpg */,
				5F11719A2025BE5300EE94B7 /* library.png */,
				5F11719C2025BE5300EE94B7 /* profile.png */,
				5F1171992025BE5300EE94B7 /* techniques.png */,
				5F11719B2025BE5300EE94B7 /* test.png */,
			);
			path = Images;
			sourceTree = "<group>";
		};
		5F1D3F4D20304B4C00A05FB3 /* Tab Bar Customization */ = {
			isa = PBXGroup;
			children = (
				5F1D3F4E20304B8300A05FB3 /* BookTabController.swift */,
			);
			path = "Tab Bar Customization";
			sourceTree = "<group>";
		};
		5F5B8B1D2027004B00B4801A /* Library */ = {
			isa = PBXGroup;
			children = (
				5F5B8B1B2026FDD200B4801A /* LibraryCollectionViewController.swift */,
				5F5B8B1E202700A700B4801A /* BookCell.swift */,
				5F9DF9AC2029A859002F14B3 /* Book.swift */,
				5F9DF9B02029B1ED002F14B3 /* BookContentsTableViewController.swift */,
				5F8ADBFF202D9D60002BCBDD /* BookChapter.swift */,
				5FA5AEB9203185DC00377543 /* LibraryPickerProtocol.swift */,
			);
			path = Library;
			sourceTree = "<group>";
		};
		5F61B1E1203D6EAD00EA4782 /* WorldFlash */ = {
			isa = PBXGroup;
			children = (
				5F6491822036CCD100FDBF83 /* WorldFlashViewController.swift */,
			);
			path = WorldFlash;
			sourceTree = "<group>";
		};
		5F61B1E2203D6F7A00EA4782 /* DiamondHighlighter */ = {
			isa = PBXGroup;
			children = (
				5F732C162039CF060057DD43 /* DiamondHighlighterUIViewController.swift */,
			);
			path = DiamondHighlighter;
			sourceTree = "<group>";
		};
		5F61B1E3203D709300EA4782 /* TextHighlighter */ = {
			isa = PBXGroup;
			children = (
				5F61B1E4203D70BC00EA4782 /* TextHighlighterViewController.swift */,
			);
			path = TextHighlighter;
			sourceTree = "<group>";
		};
		5F62A1D6202C7FD00020C626 /* Button Expansions */ = {
			isa = PBXGroup;
			children = (
				5F62A1D7202C80100020C626 /* ButtonDisclosureIndicator.swift */,
				5FA0876C203830B3005D9810 /* ButtonBackgroundForState.swift */,
			);
			path = "Button Expansions";
			sourceTree = "<group>";
		};
		5F64917F2036C80600FDBF83 /* Tools */ = {
			isa = PBXGroup;
			children = (
				5FAB042720402F9600DD30B4 /* ExpandVision */,
				5F61B1E3203D709300EA4782 /* TextHighlighter */,
				5F61B1E2203D6F7A00EA4782 /* DiamondHighlighter */,
				5F61B1E1203D6EAD00EA4782 /* WorldFlash */,
				5F6491802036C91F00FDBF83 /* ReadingTools.swift */,
				5F6491842037098C00FDBF83 /* TextLoader.swift */,
				5F99ED23203AFE12007686DF /* ToolStyle.swift */,
				5F6489F1203C2F9800E680A9 /* TimeConstants.swift */,
			);
			path = Tools;
			sourceTree = "<group>";
		};
		5F9DF94C20299AC4002F14B3 /* Books */ = {
			isa = PBXGroup;
			children = (
				5F9DF94D20299AC4002F14B3 /* Chip Heath - Made to Stick */,
				5F9DF95420299AC4002F14B3 /* Dan Brown - Origin */,
				5F9DF95B20299AC4002F14B3 /* Ed Catmul - Creativity Inc */,
				5F9DF96220299AC4002F14B3 /* Janson Hanson - Spy Secrets */,
				5F9DF96920299AC4002F14B3 /* Josh Waitzkin - The Art of Learning */,
				5F9DF97020299AC4002F14B3 /* Marcus Chown - Quantum Theory Can't Hurt You */,
				5F9DF97720299AC4002F14B3 /* Seneca - Piece of Mind */,
			);
			path = Books;
			sourceTree = "<group>";
		};
		5F9DF94D20299AC4002F14B3 /* Chip Heath - Made to Stick */ = {
			isa = PBXGroup;
			children = (
				5F9DF94E20299AC4002F14B3 /* stick_chapter_1.txt */,
				5F9DF94F20299AC4002F14B3 /* stick_chapter_2.txt */,
				5F9DF95020299AC4002F14B3 /* stick_chapter_3.txt */,
				5F9DF95120299AC4002F14B3 /* stick_chapter_4.txt */,
				5F9DF95220299AC4002F14B3 /* stick_chapter_5.txt */,
				5F9DF95320299AC4002F14B3 /* stick_chapter_6.txt */,
			);
			path = "Chip Heath - Made to Stick";
			sourceTree = "<group>";
		};
		5F9DF95420299AC4002F14B3 /* Dan Brown - Origin */ = {
			isa = PBXGroup;
			children = (
				5F9DF95520299AC4002F14B3 /* origin_chapter_1.txt */,
				5F9DF95620299AC4002F14B3 /* origin_chapter_2.txt */,
				5F9DF95720299AC4002F14B3 /* origin_chapter_3.txt */,
				5F9DF95820299AC4002F14B3 /* origin_chapter_4.txt */,
				5F9DF95920299AC4002F14B3 /* origin_chapter_5.txt */,
				5F9DF95A20299AC4002F14B3 /* origin_chapter_6.txt */,
			);
			path = "Dan Brown - Origin";
			sourceTree = "<group>";
		};
		5F9DF95B20299AC4002F14B3 /* Ed Catmul - Creativity Inc */ = {
			isa = PBXGroup;
			children = (
				5F9DF95C20299AC4002F14B3 /* create_chapter_1.txt */,
				5F9DF95D20299AC4002F14B3 /* create_chapter_2.txt */,
				5F9DF95E20299AC4002F14B3 /* create_chapter_3.txt */,
				5F9DF95F20299AC4002F14B3 /* create_chapter_4.txt */,
				5F9DF96020299AC4002F14B3 /* create_chapter_5.txt */,
				5F9DF96120299AC4002F14B3 /* create_chapter_6.txt */,
			);
			path = "Ed Catmul - Creativity Inc";
			sourceTree = "<group>";
		};
		5F9DF96220299AC4002F14B3 /* Janson Hanson - Spy Secrets */ = {
			isa = PBXGroup;
			children = (
				5F9DF96320299AC4002F14B3 /* spy_chapter_1.txt */,
				5F9DF96420299AC4002F14B3 /* spy_chapter_2.txt */,
				5F9DF96520299AC4002F14B3 /* spy_chapter_3.txt */,
				5F9DF96620299AC4002F14B3 /* spy_chapter_4.txt */,
				5F9DF96720299AC4002F14B3 /* spy_chapter_5.txt */,
				5F9DF96820299AC4002F14B3 /* spy_chapter_6.txt */,
			);
			path = "Janson Hanson - Spy Secrets";
			sourceTree = "<group>";
		};
		5F9DF96920299AC4002F14B3 /* Josh Waitzkin - The Art of Learning */ = {
			isa = PBXGroup;
			children = (
				5F9DF96A20299AC4002F14B3 /* learning_chapter_1.txt */,
				5F9DF96B20299AC4002F14B3 /* learning_chapter_2.txt */,
				5F9DF96C20299AC4002F14B3 /* learning_chapter_3.txt */,
				5F9DF96D20299AC4002F14B3 /* learning_chapter_4.txt */,
				5F9DF96E20299AC4002F14B3 /* learning_chapter_5.txt */,
				5F9DF96F20299AC4002F14B3 /* learning_chapter_6.txt */,
			);
			path = "Josh Waitzkin - The Art of Learning";
			sourceTree = "<group>";
		};
		5F9DF97020299AC4002F14B3 /* Marcus Chown - Quantum Theory Can't Hurt You */ = {
			isa = PBXGroup;
			children = (
				5F9DF97120299AC4002F14B3 /* theory_chapter_1.txt */,
				5F9DF97220299AC4002F14B3 /* theory_chapter_2.txt */,
				5F9DF97320299AC4002F14B3 /* theory_chapter_3.txt */,
				5F9DF97420299AC4002F14B3 /* theory_chapter_4.txt */,
				5F9DF97520299AC4002F14B3 /* theory_chapter_5.txt */,
				5F9DF97620299AC4002F14B3 /* theory_chapter_6.txt */,
			);
			path = "Marcus Chown - Quantum Theory Can't Hurt You";
			sourceTree = "<group>";
		};
		5F9DF97720299AC4002F14B3 /* Seneca - Piece of Mind */ = {
			isa = PBXGroup;
			children = (
				5F9DF97820299AC4002F14B3 /* mind_chapter_1.txt */,
				5F9DF97920299AC4002F14B3 /* mind_chapter_2.txt */,
				5F9DF97A20299AC4002F14B3 /* mind_chapter_3.txt */,
				5F9DF97B20299AC4002F14B3 /* mind_chapter_4.txt */,
				5F9DF97C20299AC4002F14B3 /* mind_chapter_5.txt */,
				5F9DF97D20299AC4002F14B3 /* mind_chapter_6.txt */,
			);
			path = "Seneca - Piece of Mind";
			sourceTree = "<group>";
		};
		5FA5AEAD2031767800377543 /* Tool Descriptions */ = {
			isa = PBXGroup;
			children = (
				5FA5AEAE203176A000377543 /* diamond_description.txt */,
				5FA5AEAF203176A000377543 /* expand_vision_description.txt */,
				5FA5AEB0203176A000377543 /* text_highlighter_description.txt */,
				5FA5AEB1203176A000377543 /* word_flash_description.txt */,
			);
			path = "Tool Descriptions";
			sourceTree = "<group>";
		};
		5FA5AEB62031814300377543 /* Profile */ = {
			isa = PBXGroup;
			children = (
				5FA5AEB72031816900377543 /* ProfileViewController.swift */,
				5FA5AEBD2031D9A600377543 /* Profile.swift */,
			);
			path = Profile;
			sourceTree = "<group>";
		};
		5FAB042720402F9600DD30B4 /* ExpandVision */ = {
			isa = PBXGroup;
			children = (
				5FAB042820402FB200DD30B4 /* ExpandVisionViewController.swift */,
			);
			path = ExpandVision;
			sourceTree = "<group>";
		};
/* End PBXGroup section */

/* Begin PBXNativeTarget section */
		5F15A2DD20248FB10038039B /* FasteReader */ = {
			isa = PBXNativeTarget;
			buildConfigurationList = 5F15A30620248FB10038039B /* Build configuration list for PBXNativeTarget "FasteReader" */;
			buildPhases = (
				5F15A2DA20248FB10038039B /* Sources */,
				5F15A2DB20248FB10038039B /* Frameworks */,
				5F15A2DC20248FB10038039B /* Resources */,
			);
			buildRules = (
			);
			dependencies = (
			);
			name = FasteReader;
			productName = FasteReader;
			productReference = 5F15A2DE20248FB10038039B /* FasteReader.app */;
			productType = "com.apple.product-type.application";
		};
		5F15A2F120248FB10038039B /* FasteReaderTests */ = {
			isa = PBXNativeTarget;
			buildConfigurationList = 5F15A30920248FB10038039B /* Build configuration list for PBXNativeTarget "FasteReaderTests" */;
			buildPhases = (
				5F15A2EE20248FB10038039B /* Sources */,
				5F15A2EF20248FB10038039B /* Frameworks */,
				5F15A2F020248FB10038039B /* Resources */,
			);
			buildRules = (
			);
			dependencies = (
				5F15A2F420248FB10038039B /* PBXTargetDependency */,
			);
			name = FasteReaderTests;
			productName = FasteReaderTests;
			productReference = 5F15A2F220248FB10038039B /* FasteReaderTests.xctest */;
			productType = "com.apple.product-type.bundle.unit-test";
		};
		5F15A2FC20248FB10038039B /* FasteReaderUITests */ = {
			isa = PBXNativeTarget;
			buildConfigurationList = 5F15A30C20248FB10038039B /* Build configuration list for PBXNativeTarget "FasteReaderUITests" */;
			buildPhases = (
				5F15A2F920248FB10038039B /* Sources */,
				5F15A2FA20248FB10038039B /* Frameworks */,
				5F15A2FB20248FB10038039B /* Resources */,
			);
			buildRules = (
			);
			dependencies = (
				5F15A2FF20248FB10038039B /* PBXTargetDependency */,
			);
			name = FasteReaderUITests;
			productName = FasteReaderUITests;
			productReference = 5F15A2FD20248FB10038039B /* FasteReaderUITests.xctest */;
			productType = "com.apple.product-type.bundle.ui-testing";
		};
/* End PBXNativeTarget section */

/* Begin PBXProject section */
		5F15A2D620248FB10038039B /* Project object */ = {
			isa = PBXProject;
			attributes = {
				LastSwiftUpdateCheck = 0920;
				LastUpgradeCheck = 0920;
				ORGANIZATIONNAME = "Goran Pavlovic";
				TargetAttributes = {
					5F15A2DD20248FB10038039B = {
						CreatedOnToolsVersion = 9.2;
						ProvisioningStyle = Automatic;
					};
					5F15A2F120248FB10038039B = {
						CreatedOnToolsVersion = 9.2;
						ProvisioningStyle = Automatic;
						TestTargetID = 5F15A2DD20248FB10038039B;
					};
					5F15A2FC20248FB10038039B = {
						CreatedOnToolsVersion = 9.2;
						ProvisioningStyle = Automatic;
						TestTargetID = 5F15A2DD20248FB10038039B;
					};
				};
			};
			buildConfigurationList = 5F15A2D920248FB10038039B /* Build configuration list for PBXProject "FasteReader" */;
			compatibilityVersion = "Xcode 8.0";
			developmentRegion = en;
			hasScannedForEncodings = 0;
			knownRegions = (
				en,
				Base,
			);
			mainGroup = 5F15A2D520248FB10038039B;
			productRefGroup = 5F15A2DF20248FB10038039B /* Products */;
			projectDirPath = "";
			projectRoot = "";
			targets = (
				5F15A2DD20248FB10038039B /* FasteReader */,
				5F15A2F120248FB10038039B /* FasteReaderTests */,
				5F15A2FC20248FB10038039B /* FasteReaderUITests */,
			);
		};
/* End PBXProject section */

/* Begin PBXResourcesBuildPhase section */
		5F15A2DC20248FB10038039B /* Resources */ = {
			isa = PBXResourcesBuildPhase;
			buildActionMask = 2147483647;
			files = (
				5F0692E0202AFAB7003A6F20 /* memory.png in Resources */,
				5F9DF98C20299AC4002F14B3 /* create_chapter_3.txt in Resources */,
				5F9DF9A020299AC4002F14B3 /* theory_chapter_5.txt in Resources */,
				5F9DF9A320299AC4002F14B3 /* mind_chapter_2.txt in Resources */,
				5F9DF99E20299AC4002F14B3 /* theory_chapter_3.txt in Resources */,
				5F9DF99920299AC4002F14B3 /* learning_chapter_4.txt in Resources */,
				5F9DF98720299AC4002F14B3 /* origin_chapter_4.txt in Resources */,
				5F15A2EC20248FB10038039B /* LaunchScreen.storyboard in Resources */,
				5F11719E2025BE5300EE94B7 /* library.png in Resources */,
				5F5B8B1A2026FC2600B4801A /* book_cover_red.png in Resources */,
				5F9DF99020299AC4002F14B3 /* spy_chapter_1.txt in Resources */,
				5F9DF98A20299AC4002F14B3 /* create_chapter_1.txt in Resources */,
				5F9DF99420299AC4002F14B3 /* spy_chapter_5.txt in Resources */,
				5F9DF98520299AC4002F14B3 /* origin_chapter_2.txt in Resources */,
				5F9DF98120299AC4002F14B3 /* stick_chapter_4.txt in Resources */,
				5F9DF99820299AC4002F14B3 /* learning_chapter_3.txt in Resources */,
				5F9DF99B20299AC4002F14B3 /* learning_chapter_6.txt in Resources */,
				5FA5AEBC20319D2E00377543 /* profile_empty.png in Resources */,
				5F9DF99620299AC4002F14B3 /* learning_chapter_1.txt in Resources */,
				5F9DF99520299AC4002F14B3 /* spy_chapter_6.txt in Resources */,
				5F11719F2025BE5300EE94B7 /* test.png in Resources */,
				5FA5AEB5203176A000377543 /* word_flash_description.txt in Resources */,
				5F15A314202493250038039B /* pile of books.jpg in Resources */,
				5F9DF98D20299AC4002F14B3 /* create_chapter_4.txt in Resources */,
				5F9DF98420299AC4002F14B3 /* origin_chapter_1.txt in Resources */,
				5F9DF9A420299AC4002F14B3 /* mind_chapter_3.txt in Resources */,
				5F9DF98B20299AC4002F14B3 /* create_chapter_2.txt in Resources */,
				5F9DF99D20299AC4002F14B3 /* theory_chapter_2.txt in Resources */,
				5F5B8B182026FC2600B4801A /* book_cover_brown.png in Resources */,
				5F62A1D3202C53D20020C626 /* stop.png in Resources */,
				5F9DF9A620299AC4002F14B3 /* mind_chapter_5.txt in Resources */,
				5F9DF98320299AC4002F14B3 /* stick_chapter_6.txt in Resources */,
				5F9DF99120299AC4002F14B3 /* spy_chapter_2.txt in Resources */,
				5FA5AEB2203176A000377543 /* diamond_description.txt in Resources */,
				5F15A2E920248FB10038039B /* Assets.xcassets in Resources */,
				5F0692DF202AFAB7003A6F20 /* diamond.png in Resources */,
				5F9DF98E20299AC4002F14B3 /* create_chapter_5.txt in Resources */,
				5F9DF9A520299AC4002F14B3 /* mind_chapter_4.txt in Resources */,
				5F9DF99220299AC4002F14B3 /* spy_chapter_3.txt in Resources */,
				5F0692E2202AFAB7003A6F20 /* word_flash.png in Resources */,
				5F15A2E720248FB10038039B /* Main.storyboard in Resources */,
				5F9DF9A220299AC4002F14B3 /* mind_chapter_1.txt in Resources */,
				5F9DF98220299AC4002F14B3 /* stick_chapter_5.txt in Resources */,
				5F9DF99720299AC4002F14B3 /* learning_chapter_2.txt in Resources */,
				5F9DF99C20299AC4002F14B3 /* theory_chapter_1.txt in Resources */,
				5FA5AEB3203176A000377543 /* expand_vision_description.txt in Resources */,
				5F9DF99F20299AC4002F14B3 /* theory_chapter_4.txt in Resources */,
				5F11719D2025BE5300EE94B7 /* techniques.png in Resources */,
				5F62A1CF202C4BAC0020C626 /* play.png in Resources */,
				5F9DF97E20299AC4002F14B3 /* stick_chapter_1.txt in Resources */,
				5F9DF99A20299AC4002F14B3 /* learning_chapter_5.txt in Resources */,
				5FA5AEB4203176A000377543 /* text_highlighter_description.txt in Resources */,
				5F9DF9A120299AC4002F14B3 /* theory_chapter_6.txt in Resources */,
				5F5B8B192026FC2600B4801A /* book_cover_black.png in Resources */,
				5F9DF98020299AC4002F14B3 /* stick_chapter_3.txt in Resources */,
				5F9DF99320299AC4002F14B3 /* spy_chapter_4.txt in Resources */,
				5F9DF98820299AC4002F14B3 /* origin_chapter_5.txt in Resources */,
				5F62A1DA202C830C0020C626 /* disclosure_indicator.png in Resources */,
				5F0692E1202AFAB7003A6F20 /* text_highlight.png in Resources */,
				5F1171A02025BE5300EE94B7 /* profile.png in Resources */,
				5F9DF98620299AC4002F14B3 /* origin_chapter_3.txt in Resources */,
				5F9DF98920299AC4002F14B3 /* origin_chapter_6.txt in Resources */,
				5F9DF97F20299AC4002F14B3 /* stick_chapter_2.txt in Resources */,
				5F9DF9A720299AC4002F14B3 /* mind_chapter_6.txt in Resources */,
				5F9DF98F20299AC4002F14B3 /* create_chapter_6.txt in Resources */,
			);
			runOnlyForDeploymentPostprocessing = 0;
		};
		5F15A2F020248FB10038039B /* Resources */ = {
			isa = PBXResourcesBuildPhase;
			buildActionMask = 2147483647;
			files = (
			);
			runOnlyForDeploymentPostprocessing = 0;
		};
		5F15A2FB20248FB10038039B /* Resources */ = {
			isa = PBXResourcesBuildPhase;
			buildActionMask = 2147483647;
			files = (
			);
			runOnlyForDeploymentPostprocessing = 0;
		};
/* End PBXResourcesBuildPhase section */

/* Begin PBXSourcesBuildPhase section */
		5F15A2DA20248FB10038039B /* Sources */ = {
			isa = PBXSourcesBuildPhase;
			buildActionMask = 2147483647;
			files = (
				5F9DF9B12029B1ED002F14B3 /* BookContentsTableViewController.swift in Sources */,
				5F9DF9AD2029A859002F14B3 /* Book.swift in Sources */,
				5F8ADBFE202D8FF2002BCBDD /* TechniquesTextArea.swift in Sources */,
				5FA5AEBE2031D9A600377543 /* Profile.swift in Sources */,
				5FA5AEBA203185DC00377543 /* LibraryPickerProtocol.swift in Sources */,
				5F99ED24203AFE12007686DF /* ToolStyle.swift in Sources */,
				5F8ADC00202D9D60002BCBDD /* BookChapter.swift in Sources */,
				5F62A1D8202C80100020C626 /* ButtonDisclosureIndicator.swift in Sources */,
				5F5B8B1F202700A700B4801A /* BookCell.swift in Sources */,
				5F61B1E5203D70BC00EA4782 /* TextHighlighterViewController.swift in Sources */,
				5FA5AEB82031816900377543 /* ProfileViewController.swift in Sources */,
				5F1D3F4F20304B8300A05FB3 /* BookTabController.swift in Sources */,
				5F0312CD2032E677000D00E8 /* DigitsOnlyString.swift in Sources */,
				5F732C172039CF060057DD43 /* DiamondHighlighterUIViewController.swift in Sources */,
				5FA0876D203830B3005D9810 /* ButtonBackgroundForState.swift in Sources */,
				5F6491812036C91F00FDBF83 /* ReadingTools.swift in Sources */,
				5F15A2E220248FB10038039B /* AppDelegate.swift in Sources */,
				5F5B8B1C2026FDD200B4801A /* LibraryCollectionViewController.swift in Sources */,
				5F6491832036CCD100FDBF83 /* WorldFlashViewController.swift in Sources */,
				5F6491852037098C00FDBF83 /* TextLoader.swift in Sources */,
				5FAB042920402FB200DD30B4 /* ExpandVisionViewController.swift in Sources */,
				5F0692D2202AF1D9003A6F20 /* TechniquesViewController.swift in Sources */,
				5F6489F2203C2F9800E680A9 /* TimeConstants.swift in Sources */,
			);
			runOnlyForDeploymentPostprocessing = 0;
		};
		5F15A2EE20248FB10038039B /* Sources */ = {
			isa = PBXSourcesBuildPhase;
			buildActionMask = 2147483647;
			files = (
				5F15A2F720248FB10038039B /* FasteReaderTests.swift in Sources */,
			);
			runOnlyForDeploymentPostprocessing = 0;
		};
		5F15A2F920248FB10038039B /* Sources */ = {
			isa = PBXSourcesBuildPhase;
			buildActionMask = 2147483647;
			files = (
				5F15A30220248FB10038039B /* FasteReaderUITests.swift in Sources */,
			);
			runOnlyForDeploymentPostprocessing = 0;
		};
/* End PBXSourcesBuildPhase section */

/* Begin PBXTargetDependency section */
		5F15A2F420248FB10038039B /* PBXTargetDependency */ = {
			isa = PBXTargetDependency;
			target = 5F15A2DD20248FB10038039B /* FasteReader */;
			targetProxy = 5F15A2F320248FB10038039B /* PBXContainerItemProxy */;
		};
		5F15A2FF20248FB10038039B /* PBXTargetDependency */ = {
			isa = PBXTargetDependency;
			target = 5F15A2DD20248FB10038039B /* FasteReader */;
			targetProxy = 5F15A2FE20248FB10038039B /* PBXContainerItemProxy */;
		};
/* End PBXTargetDependency section */

/* Begin PBXVariantGroup section */
		5F15A2E520248FB10038039B /* Main.storyboard */ = {
			isa = PBXVariantGroup;
			children = (
				5F15A2E620248FB10038039B /* Base */,
			);
			name = Main.storyboard;
			sourceTree = "<group>";
		};
		5F15A2EA20248FB10038039B /* LaunchScreen.storyboard */ = {
			isa = PBXVariantGroup;
			children = (
				5F15A2EB20248FB10038039B /* Base */,
			);
			name = LaunchScreen.storyboard;
			sourceTree = "<group>";
		};
/* End PBXVariantGroup section */

/* Begin XCBuildConfiguration section */
		5F15A30420248FB10038039B /* Debug */ = {
			isa = XCBuildConfiguration;
			buildSettings = {
				ALWAYS_SEARCH_USER_PATHS = NO;
				CLANG_ANALYZER_NONNULL = YES;
				CLANG_ANALYZER_NUMBER_OBJECT_CONVERSION = YES_AGGRESSIVE;
				CLANG_CXX_LANGUAGE_STANDARD = "gnu++14";
				CLANG_CXX_LIBRARY = "libc++";
				CLANG_ENABLE_MODULES = YES;
				CLANG_ENABLE_OBJC_ARC = YES;
				CLANG_WARN_BLOCK_CAPTURE_AUTORELEASING = YES;
				CLANG_WARN_BOOL_CONVERSION = YES;
				CLANG_WARN_COMMA = YES;
				CLANG_WARN_CONSTANT_CONVERSION = YES;
				CLANG_WARN_DIRECT_OBJC_ISA_USAGE = YES_ERROR;
				CLANG_WARN_DOCUMENTATION_COMMENTS = YES;
				CLANG_WARN_EMPTY_BODY = YES;
				CLANG_WARN_ENUM_CONVERSION = YES;
				CLANG_WARN_INFINITE_RECURSION = YES;
				CLANG_WARN_INT_CONVERSION = YES;
				CLANG_WARN_NON_LITERAL_NULL_CONVERSION = YES;
				CLANG_WARN_OBJC_LITERAL_CONVERSION = YES;
				CLANG_WARN_OBJC_ROOT_CLASS = YES_ERROR;
				CLANG_WARN_RANGE_LOOP_ANALYSIS = YES;
				CLANG_WARN_STRICT_PROTOTYPES = YES;
				CLANG_WARN_SUSPICIOUS_MOVE = YES;
				CLANG_WARN_UNGUARDED_AVAILABILITY = YES_AGGRESSIVE;
				CLANG_WARN_UNREACHABLE_CODE = YES;
				CLANG_WARN__DUPLICATE_METHOD_MATCH = YES;
				CODE_SIGN_IDENTITY = "iPhone Developer";
				COPY_PHASE_STRIP = NO;
				DEBUG_INFORMATION_FORMAT = dwarf;
				ENABLE_STRICT_OBJC_MSGSEND = YES;
				ENABLE_TESTABILITY = YES;
				GCC_C_LANGUAGE_STANDARD = gnu11;
				GCC_DYNAMIC_NO_PIC = NO;
				GCC_NO_COMMON_BLOCKS = YES;
				GCC_OPTIMIZATION_LEVEL = 0;
				GCC_PREPROCESSOR_DEFINITIONS = (
					"DEBUG=1",
					"$(inherited)",
				);
				GCC_WARN_64_TO_32_BIT_CONVERSION = YES;
				GCC_WARN_ABOUT_RETURN_TYPE = YES_ERROR;
				GCC_WARN_UNDECLARED_SELECTOR = YES;
				GCC_WARN_UNINITIALIZED_AUTOS = YES_AGGRESSIVE;
				GCC_WARN_UNUSED_FUNCTION = YES;
				GCC_WARN_UNUSED_VARIABLE = YES;
				IPHONEOS_DEPLOYMENT_TARGET = 11.2;
				MTL_ENABLE_DEBUG_INFO = YES;
				ONLY_ACTIVE_ARCH = YES;
				SDKROOT = iphoneos;
				SWIFT_ACTIVE_COMPILATION_CONDITIONS = DEBUG;
				SWIFT_OPTIMIZATION_LEVEL = "-Onone";
			};
			name = Debug;
		};
		5F15A30520248FB10038039B /* Release */ = {
			isa = XCBuildConfiguration;
			buildSettings = {
				ALWAYS_SEARCH_USER_PATHS = NO;
				CLANG_ANALYZER_NONNULL = YES;
				CLANG_ANALYZER_NUMBER_OBJECT_CONVERSION = YES_AGGRESSIVE;
				CLANG_CXX_LANGUAGE_STANDARD = "gnu++14";
				CLANG_CXX_LIBRARY = "libc++";
				CLANG_ENABLE_MODULES = YES;
				CLANG_ENABLE_OBJC_ARC = YES;
				CLANG_WARN_BLOCK_CAPTURE_AUTORELEASING = YES;
				CLANG_WARN_BOOL_CONVERSION = YES;
				CLANG_WARN_COMMA = YES;
				CLANG_WARN_CONSTANT_CONVERSION = YES;
				CLANG_WARN_DIRECT_OBJC_ISA_USAGE = YES_ERROR;
				CLANG_WARN_DOCUMENTATION_COMMENTS = YES;
				CLANG_WARN_EMPTY_BODY = YES;
				CLANG_WARN_ENUM_CONVERSION = YES;
				CLANG_WARN_INFINITE_RECURSION = YES;
				CLANG_WARN_INT_CONVERSION = YES;
				CLANG_WARN_NON_LITERAL_NULL_CONVERSION = YES;
				CLANG_WARN_OBJC_LITERAL_CONVERSION = YES;
				CLANG_WARN_OBJC_ROOT_CLASS = YES_ERROR;
				CLANG_WARN_RANGE_LOOP_ANALYSIS = YES;
				CLANG_WARN_STRICT_PROTOTYPES = YES;
				CLANG_WARN_SUSPICIOUS_MOVE = YES;
				CLANG_WARN_UNGUARDED_AVAILABILITY = YES_AGGRESSIVE;
				CLANG_WARN_UNREACHABLE_CODE = YES;
				CLANG_WARN__DUPLICATE_METHOD_MATCH = YES;
				CODE_SIGN_IDENTITY = "iPhone Developer";
				COPY_PHASE_STRIP = NO;
				DEBUG_INFORMATION_FORMAT = "dwarf-with-dsym";
				ENABLE_NS_ASSERTIONS = NO;
				ENABLE_STRICT_OBJC_MSGSEND = YES;
				GCC_C_LANGUAGE_STANDARD = gnu11;
				GCC_NO_COMMON_BLOCKS = YES;
				GCC_WARN_64_TO_32_BIT_CONVERSION = YES;
				GCC_WARN_ABOUT_RETURN_TYPE = YES_ERROR;
				GCC_WARN_UNDECLARED_SELECTOR = YES;
				GCC_WARN_UNINITIALIZED_AUTOS = YES_AGGRESSIVE;
				GCC_WARN_UNUSED_FUNCTION = YES;
				GCC_WARN_UNUSED_VARIABLE = YES;
				IPHONEOS_DEPLOYMENT_TARGET = 11.2;
				MTL_ENABLE_DEBUG_INFO = NO;
				SDKROOT = iphoneos;
				SWIFT_OPTIMIZATION_LEVEL = "-Owholemodule";
				VALIDATE_PRODUCT = YES;
			};
			name = Release;
		};
		5F15A30720248FB10038039B /* Debug */ = {
			isa = XCBuildConfiguration;
			buildSettings = {
				ASSETCATALOG_COMPILER_APPICON_NAME = AppIcon;
				CODE_SIGN_STYLE = Automatic;
				DEVELOPMENT_TEAM = E5R687DQHZ;
				INFOPLIST_FILE = FasteReader/Info.plist;
				LD_RUNPATH_SEARCH_PATHS = "$(inherited) @executable_path/Frameworks";
				PRODUCT_BUNDLE_IDENTIFIER = com.goranpavlovic.FasteReader;
				PRODUCT_NAME = "$(TARGET_NAME)";
				SWIFT_VERSION = 4.0;
				TARGETED_DEVICE_FAMILY = 1;
			};
			name = Debug;
		};
		5F15A30820248FB10038039B /* Release */ = {
			isa = XCBuildConfiguration;
			buildSettings = {
				ASSETCATALOG_COMPILER_APPICON_NAME = AppIcon;
				CODE_SIGN_STYLE = Automatic;
				DEVELOPMENT_TEAM = E5R687DQHZ;
				INFOPLIST_FILE = FasteReader/Info.plist;
				LD_RUNPATH_SEARCH_PATHS = "$(inherited) @executable_path/Frameworks";
				PRODUCT_BUNDLE_IDENTIFIER = com.goranpavlovic.FasteReader;
				PRODUCT_NAME = "$(TARGET_NAME)";
				SWIFT_VERSION = 4.0;
				TARGETED_DEVICE_FAMILY = 1;
			};
			name = Release;
		};
		5F15A30A20248FB10038039B /* Debug */ = {
			isa = XCBuildConfiguration;
			buildSettings = {
				ALWAYS_EMBED_SWIFT_STANDARD_LIBRARIES = YES;
				BUNDLE_LOADER = "$(TEST_HOST)";
				CODE_SIGN_STYLE = Automatic;
				DEVELOPMENT_TEAM = E5R687DQHZ;
				INFOPLIST_FILE = FasteReaderTests/Info.plist;
				LD_RUNPATH_SEARCH_PATHS = "$(inherited) @executable_path/Frameworks @loader_path/Frameworks";
				PRODUCT_BUNDLE_IDENTIFIER = com.goranpavlovic.FasteReaderTests;
				PRODUCT_NAME = "$(TARGET_NAME)";
				SWIFT_VERSION = 4.0;
				TARGETED_DEVICE_FAMILY = "1,2";
				TEST_HOST = "$(BUILT_PRODUCTS_DIR)/FasteReader.app/FasteReader";
			};
			name = Debug;
		};
		5F15A30B20248FB10038039B /* Release */ = {
			isa = XCBuildConfiguration;
			buildSettings = {
				ALWAYS_EMBED_SWIFT_STANDARD_LIBRARIES = YES;
				BUNDLE_LOADER = "$(TEST_HOST)";
				CODE_SIGN_STYLE = Automatic;
				DEVELOPMENT_TEAM = E5R687DQHZ;
				INFOPLIST_FILE = FasteReaderTests/Info.plist;
				LD_RUNPATH_SEARCH_PATHS = "$(inherited) @executable_path/Frameworks @loader_path/Frameworks";
				PRODUCT_BUNDLE_IDENTIFIER = com.goranpavlovic.FasteReaderTests;
				PRODUCT_NAME = "$(TARGET_NAME)";
				SWIFT_VERSION = 4.0;
				TARGETED_DEVICE_FAMILY = "1,2";
				TEST_HOST = "$(BUILT_PRODUCTS_DIR)/FasteReader.app/FasteReader";
			};
			name = Release;
		};
		5F15A30D20248FB10038039B /* Debug */ = {
			isa = XCBuildConfiguration;
			buildSettings = {
				ALWAYS_EMBED_SWIFT_STANDARD_LIBRARIES = YES;
				CODE_SIGN_STYLE = Automatic;
				DEVELOPMENT_TEAM = E5R687DQHZ;
				INFOPLIST_FILE = FasteReaderUITests/Info.plist;
				LD_RUNPATH_SEARCH_PATHS = "$(inherited) @executable_path/Frameworks @loader_path/Frameworks";
				PRODUCT_BUNDLE_IDENTIFIER = com.goranpavlovic.FasteReaderUITests;
				PRODUCT_NAME = "$(TARGET_NAME)";
				SWIFT_VERSION = 4.0;
				TARGETED_DEVICE_FAMILY = "1,2";
				TEST_TARGET_NAME = FasteReader;
			};
			name = Debug;
		};
		5F15A30E20248FB10038039B /* Release */ = {
			isa = XCBuildConfiguration;
			buildSettings = {
				ALWAYS_EMBED_SWIFT_STANDARD_LIBRARIES = YES;
				CODE_SIGN_STYLE = Automatic;
				DEVELOPMENT_TEAM = E5R687DQHZ;
				INFOPLIST_FILE = FasteReaderUITests/Info.plist;
				LD_RUNPATH_SEARCH_PATHS = "$(inherited) @executable_path/Frameworks @loader_path/Frameworks";
				PRODUCT_BUNDLE_IDENTIFIER = com.goranpavlovic.FasteReaderUITests;
				PRODUCT_NAME = "$(TARGET_NAME)";
				SWIFT_VERSION = 4.0;
				TARGETED_DEVICE_FAMILY = "1,2";
				TEST_TARGET_NAME = FasteReader;
			};
			name = Release;
		};
/* End XCBuildConfiguration section */

/* Begin XCConfigurationList section */
		5F15A2D920248FB10038039B /* Build configuration list for PBXProject "FasteReader" */ = {
			isa = XCConfigurationList;
			buildConfigurations = (
				5F15A30420248FB10038039B /* Debug */,
				5F15A30520248FB10038039B /* Release */,
			);
			defaultConfigurationIsVisible = 0;
			defaultConfigurationName = Release;
		};
		5F15A30620248FB10038039B /* Build configuration list for PBXNativeTarget "FasteReader" */ = {
			isa = XCConfigurationList;
			buildConfigurations = (
				5F15A30720248FB10038039B /* Debug */,
				5F15A30820248FB10038039B /* Release */,
			);
			defaultConfigurationIsVisible = 0;
			defaultConfigurationName = Release;
		};
		5F15A30920248FB10038039B /* Build configuration list for PBXNativeTarget "FasteReaderTests" */ = {
			isa = XCConfigurationList;
			buildConfigurations = (
				5F15A30A20248FB10038039B /* Debug */,
				5F15A30B20248FB10038039B /* Release */,
			);
			defaultConfigurationIsVisible = 0;
			defaultConfigurationName = Release;
		};
		5F15A30C20248FB10038039B /* Build configuration list for PBXNativeTarget "FasteReaderUITests" */ = {
			isa = XCConfigurationList;
			buildConfigurations = (
				5F15A30D20248FB10038039B /* Debug */,
				5F15A30E20248FB10038039B /* Release */,
			);
			defaultConfigurationIsVisible = 0;
			defaultConfigurationName = Release;
		};
/* End XCConfigurationList section */
	};
	rootObject = 5F15A2D620248FB10038039B /* Project object */;
}
